
Microsoft Visual Studio Solution File, Format Version 12.00
# Visual Studio Version 17
VisualStudioVersion = 17.0.31903.59
MinimumVisualStudioVersion = 10.0.40219.1
Project("{2150E333-8FDC-42A3-9474-1A3956D46DE8}") = "src", "src", "{827E0CD3-B72D-47B6-A68D-7590B98EB39B}"
EndProject
Project("{FAE04EC0-301F-11D3-BF4B-00C04F79EFBC}") = "RingLibrary", "src\RingLibrary\RingLibrary.csproj", "{1CE70F7D-25F0-409D-8802-783F17D4B50A}"
EndProject
Project("{FAE04EC0-301F-11D3-BF4B-00C04F79EFBC}") = "RingConsoleApp", "src\RingConsoleApp\RingConsoleApp.csproj", "{EBD78439-9790-4259-BA92-CB6EC31F702A}"
EndProject
Project("{2150E333-8FDC-42A3-9474-1A3956D46DE8}") = "tests", "tests", "{0AB3BF05-4346-4AA6-1389-037BE0695223}"
EndProject
Project("{FAE04EC0-301F-11D3-BF4B-00C04F79EFBC}") = "RingLibrary.Tests", "tests\RingLibrary.Tests\RingLibrary.Tests.csproj", "{E54B7F5D-8905-4F57-ACA1-6276E4C9D101}"
EndProject
Global
	GlobalSection(SolutionConfigurationPlatforms) = preSolution
		Debug|Any CPU = Debug|Any CPU
		Debug|x64 = Debug|x64
		Debug|x86 = Debug|x86
		Release|Any CPU = Release|Any CPU
		Release|x64 = Release|x64
		Release|x86 = Release|x86
	EndGlobalSection
	GlobalSection(ProjectConfigurationPlatforms) = postSolution
		{1CE70F7D-25F0-409D-8802-783F17D4B50A}.Debug|Any CPU.ActiveCfg = Debug|Any CPU
		{1CE70F7D-25F0-409D-8802-783F17D4B50A}.Debug|Any CPU.Build.0 = Debug|Any CPU
		{1CE70F7D-25F0-409D-8802-783F17D4B50A}.Debug|x64.ActiveCfg = Debug|Any CPU
		{1CE70F7D-25F0-409D-8802-783F17D4B50A}.Debug|x64.Build.0 = Debug|Any CPU
		{1CE70F7D-25F0-409D-8802-783F17D4B50A}.Debug|x86.ActiveCfg = Debug|Any CPU
		{1CE70F7D-25F0-409D-8802-783F17D4B50A}.Debug|x86.Build.0 = Debug|Any CPU
		{1CE70F7D-25F0-409D-8802-783F17D4B50A}.Release|Any CPU.ActiveCfg = Release|Any CPU
		{1CE70F7D-25F0-409D-8802-783F17D4B50A}.Release|Any CPU.Build.0 = Release|Any CPU
		{1CE70F7D-25F0-409D-8802-783F17D4B50A}.Release|x64.ActiveCfg = Release|Any CPU
		{1CE70F7D-25F0-409D-8802-783F17D4B50A}.Release|x64.Build.0 = Release|Any CPU
		{1CE70F7D-25F0-409D-8802-783F17D4B50A}.Release|x86.ActiveCfg = Release|Any CPU
		{1CE70F7D-25F0-409D-8802-783F17D4B50A}.Release|x86.Build.0 = Release|Any CPU
		{EBD78439-9790-4259-BA92-CB6EC31F702A}.Debug|Any CPU.ActiveCfg = Debug|Any CPU
		{EBD78439-9790-4259-BA92-CB6EC31F702A}.Debug|Any CPU.Build.0 = Debug|Any CPU
		{EBD78439-9790-4259-BA92-CB6EC31F702A}.Debug|x64.ActiveCfg = Debug|Any CPU
		{EBD78439-9790-4259-BA92-CB6EC31F702A}.Debug|x64.Build.0 = Debug|Any CPU
		{EBD78439-9790-4259-BA92-CB6EC31F702A}.Debug|x86.ActiveCfg = Debug|Any CPU
		{EBD78439-9790-4259-BA92-CB6EC31F702A}.Debug|x86.Build.0 = Debug|Any CPU
		{EBD78439-9790-4259-BA92-CB6EC31F702A}.Release|Any CPU.ActiveCfg = Release|Any CPU
		{EBD78439-9790-4259-BA92-CB6EC31F702A}.Release|Any CPU.Build.0 = Release|Any CPU
		{EBD78439-9790-4259-BA92-CB6EC31F702A}.Release|x64.ActiveCfg = Release|Any CPU
		{EBD78439-9790-4259-BA92-CB6EC31F702A}.Release|x64.Build.0 = Release|Any CPU
		{EBD78439-9790-4259-BA92-CB6EC31F702A}.Release|x86.ActiveCfg = Release|Any CPU
		{EBD78439-9790-4259-BA92-CB6EC31F702A}.Release|x86.Build.0 = Release|Any CPU
		{E54B7F5D-8905-4F57-ACA1-6276E4C9D101}.Debug|Any CPU.ActiveCfg = Debug|Any CPU
		{E54B7F5D-8905-4F57-ACA1-6276E4C9D101}.Debug|Any CPU.Build.0 = Debug|Any CPU
		{E54B7F5D-8905-4F57-ACA1-6276E4C9D101}.Debug|x64.ActiveCfg = Debug|Any CPU
		{E54B7F5D-8905-4F57-ACA1-6276E4C9D101}.Debug|x64.Build.0 = Debug|Any CPU
		{E54B7F5D-8905-4F57-ACA1-6276E4C9D101}.Debug|x86.ActiveCfg = Debug|Any CPU
		{E54B7F5D-8905-4F57-ACA1-6276E4C9D101}.Debug|x86.Build.0 = Debug|Any CPU
		{E54B7F5D-8905-4F57-ACA1-6276E4C9D101}.Release|Any CPU.ActiveCfg = Release|Any CPU
		{E54B7F5D-8905-4F57-ACA1-6276E4C9D101}.Release|Any CPU.Build.0 = Release|Any CPU
		{E54B7F5D-8905-4F57-ACA1-6276E4C9D101}.Release|x64.ActiveCfg = Release|Any CPU
		{E54B7F5D-8905-4F57-ACA1-6276E4C9D101}.Release|x64.Build.0 = Release|Any CPU
		{E54B7F5D-8905-4F57-ACA1-6276E4C9D101}.Release|x86.ActiveCfg = Release|Any CPU
		{E54B7F5D-8905-4F57-ACA1-6276E4C9D101}.Release|x86.Build.0 = Release|Any CPU
	EndGlobalSection
	GlobalSection(SolutionProperties) = preSolution
		HideSolutionNode = FALSE
	EndGlobalSection
	GlobalSection(NestedProjects) = preSolution
		{1CE70F7D-25F0-409D-8802-783F17D4B50A} = {827E0CD3-B72D-47B6-A68D-7590B98EB39B}
		{EBD78439-9790-4259-BA92-CB6EC31F702A} = {827E0CD3-B72D-47B6-A68D-7590B98EB39B}
		{E54B7F5D-8905-4F57-ACA1-6276E4C9D101} = {0AB3BF05-4346-4AA6-1389-037BE0695223}
	EndGlobalSection
EndGlobal
